
Microsoft Visual Studio Solution File, Format Version 12.00
# Visual Studio Version 17
VisualStudioVersion = 17.5.002.0
MinimumVisualStudioVersion = 10.0.40219.1
Project("{9A19103F-16F7-4668-BE54-9A1E7A4F7556}") = "macro-api", "backend\macro-api.csproj", "{A62C4C87-8DDC-4D7F-861E-33872BC78748}"
EndProject
Global
	GlobalSection(SolutionConfigurationPlatforms) = preSolution
		Debug|Any CPU = Debug|Any CPU
		Release|Any CPU = Release|Any CPU
	EndGlobalSection
	GlobalSection(ProjectConfigurationPlatforms) = postSolution
		{A62C4C87-8DDC-4D7F-861E-33872BC78748}.Debug|Any CPU.ActiveCfg = Debug|Any CPU
		{A62C4C87-8DDC-4D7F-861E-33872BC78748}.Debug|Any CPU.Build.0 = Debug|Any CPU
		{A62C4C87-8DDC-4D7F-861E-33872BC78748}.Release|Any CPU.ActiveCfg = Release|Any CPU
		{A62C4C87-8DDC-4D7F-861E-33872BC78748}.Release|Any CPU.Build.0 = Release|Any CPU
	EndGlobalSection
	GlobalSection(SolutionProperties) = preSolution
		HideSolutionNode = FALSE
	EndGlobalSection
	GlobalSection(ExtensibilityGlobals) = postSolution
		SolutionGuid = {AF3C8FE8-291F-4D49-BC6B-80961076DD76}
	EndGlobalSection
EndGlobal
